PODS:
  - Keys (1.0.1)
  - Kingfisher (5.13.0):
    - Kingfisher/Core (= 5.13.0)
  - Kingfisher/Core (5.13.0)
  - VComponents (0.0.2)
  - VCore (0.2.0):
    - Willow (~> 5.2.1)
  - VService (0.1.0):
    - Kingfisher (~> 5.0)
    - VCore (~> 0.1)
  - Willow (5.2.1)

DEPENDENCIES:
  - Keys (from `Pods/CocoaPodsKeys`)
  - VComponents (from `../VSCommonSwiftLibrary`)
  - VCore (from `../VSCommonSwiftLibrary`)
  - VService (from `../VSCommonSwiftLibrary`)

SPEC REPOS:
  https://github.com/CocoaPods/Specs.git:
    - Kingfisher
    - Willow

EXTERNAL SOURCES:
  Keys:
    :path: Pods/CocoaPodsKeys
  VComponents:
    :path: "../VSCommonSwiftLibrary"
  VCore:
    :path: "../VSCommonSwiftLibrary"
  VService:
    :path: "../VSCommonSwiftLibrary"

SPEC CHECKSUMS:
  Keys: a576f4c9c1c641ca913a959a9c62ed3f215a8de9
  Kingfisher: 0d334cada987fcddbe9b5cec516406e1ee9d4748
  VComponents: 0112bc47e56064088eef4dc2d3df042c43445105
  VCore: 986a5dc2cc15822beba3c92db59f3cbd59ead267
  VService: 59c4009527f5a4327f787dd7445d8a2a3438e787
  Willow: a6310f9aedcb6f4de8c35b94fd3416a660ae9280

PODFILE CHECKSUM: 1c83d98ce2ad954a18896ca4c222bb52b7ba7b4b

COCOAPODS: 1.8.4
